
Microsoft Visual Studio Solution File, Format Version 12.00
# Visual Studio Version 17
VisualStudioVersion = 17.12.35521.163
MinimumVisualStudioVersion = 10.0.40219.1
Project("{FAE04EC0-301F-11D3-BF4B-00C04F79EFBC}") = "LinqToBlueSky", "LinqToBlueSky\LinqToBlueSky.csproj", "{5313AE94-AB51-41FB-B57B-4CC7C0C78BD4}"
EndProject
Project("{FAE04EC0-301F-11D3-BF4B-00C04F79EFBC}") = "LinqToBlueSky.Tests", "LinqToBlueSky.Tests\LinqToBlueSky.Tests.csproj", "{5FB5A8D2-2BDF-45CC-A856-E681FA4CB409}"
EndProject
Project("{FAE04EC0-301F-11D3-BF4B-00C04F79EFBC}") = "ConsoleDemo.CSharp", "..\samples\Console\ConsoleDemo.CSharp\ConsoleDemo.CSharp.csproj", "{3F73EF87-B82E-4A3C-B10C-444D1884F2C9}"
EndProject
Global
	GlobalSection(SolutionConfigurationPlatforms) = preSolution
		Debug|Any CPU = Debug|Any CPU
		Release|Any CPU = Release|Any CPU
	EndGlobalSection
	GlobalSection(ProjectConfigurationPlatforms) = postSolution
		{5313AE94-AB51-41FB-B57B-4CC7C0C78BD4}.Debug|Any CPU.ActiveCfg = Debug|Any CPU
		{5313AE94-AB51-41FB-B57B-4CC7C0C78BD4}.Debug|Any CPU.Build.0 = Debug|Any CPU
		{5313AE94-AB51-41FB-B57B-4CC7C0C78BD4}.Release|Any CPU.ActiveCfg = Release|Any CPU
		{5313AE94-AB51-41FB-B57B-4CC7C0C78BD4}.Release|Any CPU.Build.0 = Release|Any CPU
		{5FB5A8D2-2BDF-45CC-A856-E681FA4CB409}.Debug|Any CPU.ActiveCfg = Debug|Any CPU
		{5FB5A8D2-2BDF-45CC-A856-E681FA4CB409}.Debug|Any CPU.Build.0 = Debug|Any CPU
		{5FB5A8D2-2BDF-45CC-A856-E681FA4CB409}.Release|Any CPU.ActiveCfg = Release|Any CPU
		{5FB5A8D2-2BDF-45CC-A856-E681FA4CB409}.Release|Any CPU.Build.0 = Release|Any CPU
		{3F73EF87-B82E-4A3C-B10C-444D1884F2C9}.Debug|Any CPU.ActiveCfg = Debug|Any CPU
		{3F73EF87-B82E-4A3C-B10C-444D1884F2C9}.Debug|Any CPU.Build.0 = Debug|Any CPU
		{3F73EF87-B82E-4A3C-B10C-444D1884F2C9}.Release|Any CPU.ActiveCfg = Release|Any CPU
		{3F73EF87-B82E-4A3C-B10C-444D1884F2C9}.Release|Any CPU.Build.0 = Release|Any CPU
	EndGlobalSection
	GlobalSection(SolutionProperties) = preSolution
		HideSolutionNode = FALSE
	EndGlobalSection
EndGlobal
